// !$*UTF8*$!
{
	archiveVersion = 1;
	classes = {
	};
	objectVersion = 77;
	objects = {

/* Begin PBXBuildFile section */
		6585E51A316EF9A224660807 /* HostApp.swift in Sources */ = {isa = PBXBuildFile; fileRef = 3F233B997C54723417A97C95 /* HostApp.swift */; };
		6DD11B2BA74F3A0D41A9D7A9 /* MenuShotsUITests.swift in Sources */ = {isa = PBXBuildFile; fileRef = C1F5381EEFA877FD3FAB264A /* MenuShotsUITests.swift */; };
		86E30F4587E9D37C19AB158F /* QuitPathsUITests.swift in Sources */ = {isa = PBXBuildFile; fileRef = 1E84C483D4E7E646C5F257E8 /* QuitPathsUITests.swift */; };
/* End PBXBuildFile section */

/* Begin PBXContainerItemProxy section */
		1531724BA7F7256729CCC9CE /* PBXContainerItemProxy */ = {
			isa = PBXContainerItemProxy;
			containerPortal = DBACB96DBD09D02EFFB7FE7E /* Project object */;
			proxyType = 1;
			remoteGlobalIDString = 08DF5F87CFA01116F2288BA3;
			remoteInfo = Host;
		};
/* End PBXContainerItemProxy section */

/* Begin PBXFileReference section */
		1E84C483D4E7E646C5F257E8 /* QuitPathsUITests.swift */ = {isa = PBXFileReference; lastKnownFileType = sourcecode.swift; path = QuitPathsUITests.swift; sourceTree = "<group>"; };
		3F233B997C54723417A97C95 /* HostApp.swift */ = {isa = PBXFileReference; lastKnownFileType = sourcecode.swift; path = HostApp.swift; sourceTree = "<group>"; };
		411B481514813BF7AB0F53D7 /* MenuShotsUITests.xctest */ = {isa = PBXFileReference; explicitFileType = wrapper.cfbundle; includeInIndex = 0; path = MenuShotsUITests.xctest; sourceTree = BUILT_PRODUCTS_DIR; };
		C1F5381EEFA877FD3FAB264A /* MenuShotsUITests.swift */ = {isa = PBXFileReference; lastKnownFileType = sourcecode.swift; path = MenuShotsUITests.swift; sourceTree = "<group>"; };
		C421622023B90BF7B02DE37B /* Host.app */ = {isa = PBXFileReference; explicitFileType = wrapper.application; includeInIndex = 0; path = Host.app; sourceTree = BUILT_PRODUCTS_DIR; };
/* End PBXFileReference section */

/* Begin PBXGroup section */
		0713983C15892E8B8161C5D5 /* Host */ = {
			isa = PBXGroup;
			children = (
				3F233B997C54723417A97C95 /* HostApp.swift */,
			);
			path = Host;
			sourceTree = "<group>";
		};
		0AF234A3482EDA748C2AE5C7 /* MenuShotsUITests */ = {
			isa = PBXGroup;
			children = (
				C1F5381EEFA877FD3FAB264A /* MenuShotsUITests.swift */,
				1E84C483D4E7E646C5F257E8 /* QuitPathsUITests.swift */,
			);
			path = MenuShotsUITests;
			sourceTree = "<group>";
		};
		66957C6C0E9C28D4C9753480 /* Products */ = {
			isa = PBXGroup;
			children = (
				C421622023B90BF7B02DE37B /* Host.app */,
				411B481514813BF7AB0F53D7 /* MenuShotsUITests.xctest */,
			);
			name = Products;
			sourceTree = "<group>";
		};
		E3AEAD8C892D2471E5DAE33E = {
			isa = PBXGroup;
			children = (
				0713983C15892E8B8161C5D5 /* Host */,
				0AF234A3482EDA748C2AE5C7 /* MenuShotsUITests */,
				66957C6C0E9C28D4C9753480 /* Products */,
			);
			sourceTree = "<group>";
		};
/* End PBXGroup section */

/* Begin PBXNativeTarget section */
		08DF5F87CFA01116F2288BA3 /* Host */ = {
			isa = PBXNativeTarget;
			buildConfigurationList = F89DF24FA7C47334392BCA44 /* Build configuration list for PBXNativeTarget "Host" */;
			buildPhases = (
				0669A92F0BC99602248D8FCE /* Sources */,
			);
			buildRules = (
			);
			dependencies = (
			);
			name = Host;
			packageProductDependencies = (
			);
			productName = Host;
			productReference = C421622023B90BF7B02DE37B /* Host.app */;
			productType = "com.apple.product-type.application";
		};
		AFA86AA3DC33ACD5B22F0D0B /* MenuShotsUITests */ = {
			isa = PBXNativeTarget;
			buildConfigurationList = B88253813F2916805FC28C21 /* Build configuration list for PBXNativeTarget "MenuShotsUITests" */;
			buildPhases = (
				39AD28CD260307A47570B26A /* Sources */,
			);
			buildRules = (
			);
			dependencies = (
				845AD3589A7A72AC4D5D0E8E /* PBXTargetDependency */,
			);
			name = MenuShotsUITests;
			packageProductDependencies = (
			);
			productName = MenuShotsUITests;
			productReference = 411B481514813BF7AB0F53D7 /* MenuShotsUITests.xctest */;
			productType = "com.apple.product-type.bundle.ui-testing";
		};
/* End PBXNativeTarget section */

/* Begin PBXProject section */
		DBACB96DBD09D02EFFB7FE7E /* Project object */ = {
			isa = PBXProject;
			attributes = {
				BuildIndependentTargetsInParallel = YES;
				LastUpgradeCheck = 1430;
				TargetAttributes = {
					08DF5F87CFA01116F2288BA3 = {
						DevelopmentTeam = "";
						ProvisioningStyle = Manual;
					};
					AFA86AA3DC33ACD5B22F0D0B = {
						DevelopmentTeam = "";
						ProvisioningStyle = Manual;
						TestTargetID = 08DF5F87CFA01116F2288BA3;
					};
				};
			};
			buildConfigurationList = 2614AD6C9442369780E7A55B /* Build configuration list for PBXProject "MenuShots" */;
			developmentRegion = en;
			hasScannedForEncodings = 0;
			knownRegions = (
				Base,
				en,
			);
			mainGroup = E3AEAD8C892D2471E5DAE33E;
			minimizedProjectReferenceProxies = 1;
			preferredProjectObjectVersion = 77;
			productRefGroup = 66957C6C0E9C28D4C9753480 /* Products */;
			projectDirPath = "";
			projectRoot = "";
			targets = (
				08DF5F87CFA01116F2288BA3 /* Host */,
				AFA86AA3DC33ACD5B22F0D0B /* MenuShotsUITests */,
			);
		};
/* End PBXProject section */

/* Begin PBXSourcesBuildPhase section */
		0669A92F0BC99602248D8FCE /* Sources */ = {
			isa = PBXSourcesBuildPhase;
			buildActionMask = 2147483647;
			files = (
				6585E51A316EF9A224660807 /* HostApp.swift in Sources */,
			);
			runOnlyForDeploymentPostprocessing = 0;
		};
		39AD28CD260307A47570B26A /* Sources */ = {
			isa = PBXSourcesBuildPhase;
			buildActionMask = 2147483647;
			files = (
				6DD11B2BA74F3A0D41A9D7A9 /* MenuShotsUITests.swift in Sources */,
				86E30F4587E9D37C19AB158F /* QuitPathsUITests.swift in Sources */,
			);
			runOnlyForDeploymentPostprocessing = 0;
		};
/* End PBXSourcesBuildPhase section */

/* Begin PBXTargetDependency section */
		845AD3589A7A72AC4D5D0E8E /* PBXTargetDependency */ = {
			isa = PBXTargetDependency;
			target = 08DF5F87CFA01116F2288BA3 /* Host */;
			targetProxy = 1531724BA7F7256729CCC9CE /* PBXContainerItemProxy */;
		};
/* End PBXTargetDependency section */

/* Begin XCBuildConfiguration section */
		355CD79F06B263963C35661F /* Release */ = {
			isa = XCBuildConfiguration;
			buildSettings = {
				BUNDLE_LOADER = "$(TEST_HOST)";
				COMBINE_HIDPI_IMAGES = YES;
				LD_RUNPATH_SEARCH_PATHS = (
					"$(inherited)",
					"@executable_path/Frameworks",
					"@loader_path/Frameworks",
				);
				PRODUCT_BUNDLE_IDENTIFIER = ai.artcraft.menushots.uitests;
				SDKROOT = macosx;
				TEST_TARGET_NAME = Host;
			};
			name = Release;
		};
		6587305F24B29E886D1FB3BF /* Release */ = {
			isa = XCBuildConfiguration;
			buildSettings = {
				ASSETCATALOG_COMPILER_APPICON_NAME = AppIcon;
				COMBINE_HIDPI_IMAGES = YES;
				LD_RUNPATH_SEARCH_PATHS = (
					"$(inherited)",
					"@executable_path/../Frameworks",
				);
				PRODUCT_BUNDLE_IDENTIFIER = ai.artcraft.menushots.host;
				SDKROOT = macosx;
			};
			name = Release;
		};
		7B0363F14DE493334FFC332D /* Debug */ = {
			isa = XCBuildConfiguration;
			buildSettings = {
				ASSETCATALOG_COMPILER_APPICON_NAME = AppIcon;
				COMBINE_HIDPI_IMAGES = YES;
				LD_RUNPATH_SEARCH_PATHS = (
					"$(inherited)",
					"@executable_path/../Frameworks",
				);
				PRODUCT_BUNDLE_IDENTIFIER = ai.artcraft.menushots.host;
				SDKROOT = macosx;
			};
			name = Debug;
		};
		8D220EBEB66F2EA3EC1FB028 /* Debug */ = {
			isa = XCBuildConfiguration;
			buildSettings = {
				ALWAYS_SEARCH_USER_PATHS = NO;
				CLANG_ANALYZER_NONNULL = YES;
				CLANG_ANALYZER_NUMBER_OBJECT_CONVERSION = YES_AGGRESSIVE;
				CLANG_CXX_LANGUAGE_STANDARD = "gnu++14";
				CLANG_CXX_LIBRARY = "libc++";
				CLANG_ENABLE_MODULES = YES;
				CLANG_ENABLE_OBJC_ARC = YES;
				CLANG_ENABLE_OBJC_WEAK = YES;
				CLANG_WARN_BLOCK_CAPTURE_AUTORELEASING = YES;
				CLANG_WARN_BOOL_CONVERSION = YES;
				CLANG_WARN_COMMA = YES;
				CLANG_WARN_CONSTANT_CONVERSION = YES;
				CLANG_WARN_DEPRECATED_OBJC_IMPLEMENTATIONS = YES;
				CLANG_WARN_DIRECT_OBJC_ISA_USAGE = YES_ERROR;
				CLANG_WARN_DOCUMENTATION_COMMENTS = YES;
				CLANG_WARN_EMPTY_BODY = YES;
				CLANG_WARN_ENUM_CONVERSION = YES;
				CLANG_WARN_INFINITE_RECURSION = YES;
				CLANG_WARN_INT_CONVERSION = YES;
				CLANG_WARN_NON_LITERAL_NULL_CONVERSION = YES;
				CLANG_WARN_OBJC_IMPLICIT_RETAIN_SELF = YES;
				CLANG_WARN_OBJC_LITERAL_CONVERSION = YES;
				CLANG_WARN_OBJC_ROOT_CLASS = YES_ERROR;
				CLANG_WARN_QUOTED_INCLUDE_IN_FRAMEWORK_HEADER = YES;
				CLANG_WARN_RANGE_LOOP_ANALYSIS = YES;
				CLANG_WARN_STRICT_PROTOTYPES = YES;
				CLANG_WARN_SUSPICIOUS_MOVE = YES;
				CLANG_WARN_UNGUARDED_AVAILABILITY = YES_AGGRESSIVE;
				CLANG_WARN_UNREACHABLE_CODE = YES;
				CLANG_WARN__DUPLICATE_METHOD_MATCH = YES;
				CODE_SIGN_IDENTITY = "-";
				CODE_SIGN_STYLE = Manual;
				COPY_PHASE_STRIP = NO;
				DEBUG_INFORMATION_FORMAT = dwarf;
				DEVELOPMENT_TEAM = "";
				ENABLE_STRICT_OBJC_MSGSEND = YES;
				ENABLE_TESTABILITY = YES;
				GCC_C_LANGUAGE_STANDARD = gnu11;
				GCC_DYNAMIC_NO_PIC = NO;
				GCC_NO_COMMON_BLOCKS = YES;
				GCC_OPTIMIZATION_LEVEL = 0;
				GCC_PREPROCESSOR_DEFINITIONS = (
					"$(inherited)",
					"DEBUG=1",
				);
				GCC_WARN_64_TO_32_BIT_CONVERSION = YES;
				GCC_WARN_ABOUT_RETURN_TYPE = YES_ERROR;
				GCC_WARN_UNDECLARED_SELECTOR = YES;
				GCC_WARN_UNINITIALIZED_AUTOS = YES_AGGRESSIVE;
				GCC_WARN_UNUSED_FUNCTION = YES;
				GCC_WARN_UNUSED_VARIABLE = YES;
				GENERATE_INFOPLIST_FILE = YES;
				MACOSX_DEPLOYMENT_TARGET = 14.0;
				MTL_ENABLE_DEBUG_INFO = INCLUDE_SOURCE;
				MTL_FAST_MATH = YES;
				ONLY_ACTIVE_ARCH = YES;
				PRODUCT_NAME = "$(TARGET_NAME)";
				SDKROOT = macosx;
				SWIFT_ACTIVE_COMPILATION_CONDITIONS = DEBUG;
				SWIFT_OPTIMIZATION_LEVEL = "-Onone";
				SWIFT_VERSION = 5.0;
			};
			name = Debug;
		};
		B8A9EC593095A6685D58B5A1 /* Debug */ = {
			isa = XCBuildConfiguration;
			buildSettings = {
				BUNDLE_LOADER = "$(TEST_HOST)";
				COMBINE_HIDPI_IMAGES = YES;
				LD_RUNPATH_SEARCH_PATHS = (
					"$(inherited)",
					"@executable_path/Frameworks",
					"@loader_path/Frameworks",
				);
				PRODUCT_BUNDLE_IDENTIFIER = ai.artcraft.menushots.uitests;
				SDKROOT = macosx;
				TEST_TARGET_NAME = Host;
			};
			name = Debug;
		};
		FF98386C13D86A480084FE26 /* Release */ = {
			isa = XCBuildConfiguration;
			buildSettings = {
				ALWAYS_SEARCH_USER_PATHS = NO;
				CLANG_ANALYZER_NONNULL = YES;
				CLANG_ANALYZER_NUMBER_OBJECT_CONVERSION = YES_AGGRESSIVE;
				CLANG_CXX_LANGUAGE_STANDARD = "gnu++14";
				CLANG_CXX_LIBRARY = "libc++";
				CLANG_ENABLE_MODULES = YES;
				CLANG_ENABLE_OBJC_ARC = YES;
				CLANG_ENABLE_OBJC_WEAK = YES;
				CLANG_WARN_BLOCK_CAPTURE_AUTORELEASING = YES;
				CLANG_WARN_BOOL_CONVERSION = YES;
				CLANG_WARN_COMMA = YES;
				CLANG_WARN_CONSTANT_CONVERSION = YES;
				CLANG_WARN_DEPRECATED_OBJC_IMPLEMENTATIONS = YES;
				CLANG_WARN_DIRECT_OBJC_ISA_USAGE = YES_ERROR;
				CLANG_WARN_DOCUMENTATION_COMMENTS = YES;
				CLANG_WARN_EMPTY_BODY = YES;
				CLANG_WARN_ENUM_CONVERSION = YES;
				CLANG_WARN_INFINITE_RECURSION = YES;
				CLANG_WARN_INT_CONVERSION = YES;
				CLANG_WARN_NON_LITERAL_NULL_CONVERSION = YES;
				CLANG_WARN_OBJC_IMPLICIT_RETAIN_SELF = YES;
				CLANG_WARN_OBJC_LITERAL_CONVERSION = YES;
				CLANG_WARN_OBJC_ROOT_CLASS = YES_ERROR;
				CLANG_WARN_QUOTED_INCLUDE_IN_FRAMEWORK_HEADER = YES;
				CLANG_WARN_RANGE_LOOP_ANALYSIS = YES;
				CLANG_WARN_STRICT_PROTOTYPES = YES;
				CLANG_WARN_SUSPICIOUS_MOVE = YES;
				CLANG_WARN_UNGUARDED_AVAILABILITY = YES_AGGRESSIVE;
				CLANG_WARN_UNREACHABLE_CODE = YES;
				CLANG_WARN__DUPLICATE_METHOD_MATCH = YES;
				CODE_SIGN_IDENTITY = "-";
				CODE_SIGN_STYLE = Manual;
				COPY_PHASE_STRIP = NO;
				DEBUG_INFORMATION_FORMAT = "dwarf-with-dsym";
				DEVELOPMENT_TEAM = "";
				ENABLE_NS_ASSERTIONS = NO;
				ENABLE_STRICT_OBJC_MSGSEND = YES;
				GCC_C_LANGUAGE_STANDARD = gnu11;
				GCC_NO_COMMON_BLOCKS = YES;
				GCC_WARN_64_TO_32_BIT_CONVERSION = YES;
				GCC_WARN_ABOUT_RETURN_TYPE = YES_ERROR;
				GCC_WARN_UNDECLARED_SELECTOR = YES;
				GCC_WARN_UNINITIALIZED_AUTOS = YES_AGGRESSIVE;
				GCC_WARN_UNUSED_FUNCTION = YES;
				GCC_WARN_UNUSED_VARIABLE = YES;
				GENERATE_INFOPLIST_FILE = YES;
				MACOSX_DEPLOYMENT_TARGET = 14.0;
				MTL_ENABLE_DEBUG_INFO = NO;
				MTL_FAST_MATH = YES;
				PRODUCT_NAME = "$(TARGET_NAME)";
				SDKROOT = macosx;
				SWIFT_COMPILATION_MODE = wholemodule;
				SWIFT_OPTIMIZATION_LEVEL = "-O";
				SWIFT_VERSION = 5.0;
			};
			name = Release;
		};
/* End XCBuildConfiguration section */

/* Begin XCConfigurationList section */
		2614AD6C9442369780E7A55B /* Build configuration list for PBXProject "MenuShots" */ = {
			isa = XCConfigurationList;
			buildConfigurations = (
				8D220EBEB66F2EA3EC1FB028 /* Debug */,
				FF98386C13D86A480084FE26 /* Release */,
			);
			defaultConfigurationIsVisible = 0;
			defaultConfigurationName = Debug;
		};
		B88253813F2916805FC28C21 /* Build configuration list for PBXNativeTarget "MenuShotsUITests" */ = {
			isa = XCConfigurationList;
			buildConfigurations = (
				B8A9EC593095A6685D58B5A1 /* Debug */,
				355CD79F06B263963C35661F /* Release */,
			);
			defaultConfigurationIsVisible = 0;
			defaultConfigurationName = Debug;
		};
		F89DF24FA7C47334392BCA44 /* Build configuration list for PBXNativeTarget "Host" */ = {
			isa = XCConfigurationList;
			buildConfigurations = (
				7B0363F14DE493334FFC332D /* Debug */,
				6587305F24B29E886D1FB3BF /* Release */,
			);
			defaultConfigurationIsVisible = 0;
			defaultConfigurationName = Debug;
		};
/* End XCConfigurationList section */
	};
	rootObject = DBACB96DBD09D02EFFB7FE7E /* Project object */;
}
